PODS:
  - GoogleWebRTC (1.1.32000)
  - LensSDK (2.4.2):
    - GoogleWebRTC
    - SnapKit
  - SnapKit (5.6.0)

DEPENDENCIES:
  - LensSDK (from `../LensSDK.podspec`)

SPEC REPOS:
  https://github.com/CocoaPods/Specs.git:
    - GoogleWebRTC
    - SnapKit

EXTERNAL SOURCES:
  LensSDK:
    :path: "../LensSDK.podspec"

SPEC CHECKSUMS:
  GoogleWebRTC: 4d261187b30512efdb711d21fa961a6adf138717
  LensSDK: 710faa93aab9025a60302ff5228ba939f26a8dde
  SnapKit: e01d52ebb8ddbc333eefe2132acf85c8227d9c25

PODFILE CHECKSUM: b37b678a67ad05c13f9350e4acf10968844f2108

COCOAPODS: 1.12.1
