// !$*UTF8*$!
{
	archiveVersion = 1;
	classes = {
	};
	objectVersion = 51;
	objects = {

/* Begin PBXBuildFile section */
		B7615D93CD4DF0D276E8A277 /* Pods_Sample_SDK.framework in Frameworks */ = {isa = PBXBuildFile; fileRef = 4C460A8E5A5EEB94AF1C6580 /* Pods_Sample_SDK.framework */; };
		C24E1CA324B5CF9100ACE8D3 /* AppDelegate.swift in Sources */ = {isa = PBXBuildFile; fileRef = C24E1CA224B5CF9100ACE8D3 /* AppDelegate.swift */; };
		C24E1CA524B5CF9100ACE8D3 /* SceneDelegate.swift in Sources */ = {isa = PBXBuildFile; fileRef = C24E1CA424B5CF9100ACE8D3 /* SceneDelegate.swift */; };
		C24E1CA724B5CF9100ACE8D3 /* ViewController.swift in Sources */ = {isa = PBXBuildFile; fileRef = C24E1CA624B5CF9100ACE8D3 /* ViewController.swift */; };
		C24E1CAA24B5CF9100ACE8D3 /* Main.storyboard in Resources */ = {isa = PBXBuildFile; fileRef = C24E1CA824B5CF9100ACE8D3 /* Main.storyboard */; };
		C24E1CAC24B5CF9200ACE8D3 /* Assets.xcassets in Resources */ = {isa = PBXBuildFile; fileRef = C24E1CAB24B5CF9200ACE8D3 /* Assets.xcassets */; };
		C24E1CAF24B5CF9200ACE8D3 /* LaunchScreen.storyboard in Resources */ = {isa = PBXBuildFile; fileRef = C24E1CAD24B5CF9200ACE8D3 /* LaunchScreen.storyboard */; };
		C2EBF52D24B73E5C00C226B8 /* StreamingViewController.swift in Sources */ = {isa = PBXBuildFile; fileRef = C2EBF52C24B73E5C00C226B8 /* StreamingViewController.swift */; };
/* End PBXBuildFile section */

/* Begin PBXFileReference section */
		4C460A8E5A5EEB94AF1C6580 /* Pods_Sample_SDK.framework */ = {isa = PBXFileReference; explicitFileType = wrapper.framework; includeInIndex = 0; path = Pods_Sample_SDK.framework; sourceTree = BUILT_PRODUCTS_DIR; };
		69A1EB38524F56059AECFBA6 /* Pods-Sample_SDK.debug.xcconfig */ = {isa = PBXFileReference; includeInIndex = 1; lastKnownFileType = text.xcconfig; name = "Pods-Sample_SDK.debug.xcconfig"; path = "Target Support Files/Pods-Sample_SDK/Pods-Sample_SDK.debug.xcconfig"; sourceTree = "<group>"; };
		C24E1C9F24B5CF9100ACE8D3 /* Sample_SDK.app */ = {isa = PBXFileReference; explicitFileType = wrapper.application; includeInIndex = 0; path = Sample_SDK.app; sourceTree = BUILT_PRODUCTS_DIR; };
		C24E1CA224B5CF9100ACE8D3 /* AppDelegate.swift */ = {isa = PBXFileReference; lastKnownFileType = sourcecode.swift; path = AppDelegate.swift; sourceTree = "<group>"; };
		C24E1CA424B5CF9100ACE8D3 /* SceneDelegate.swift */ = {isa = PBXFileReference; lastKnownFileType = sourcecode.swift; path = SceneDelegate.swift; sourceTree = "<group>"; };
		C24E1CA624B5CF9100ACE8D3 /* ViewController.swift */ = {isa = PBXFileReference; lastKnownFileType = sourcecode.swift; path = ViewController.swift; sourceTree = "<group>"; };
		C24E1CA924B5CF9100ACE8D3 /* Base */ = {isa = PBXFileReference; lastKnownFileType = file.storyboard; name = Base; path = Base.lproj/Main.storyboard; sourceTree = "<group>"; };
		C24E1CAB24B5CF9200ACE8D3 /* Assets.xcassets */ = {isa = PBXFileReference; lastKnownFileType = folder.assetcatalog; path = Assets.xcassets; sourceTree = "<group>"; };
		C24E1CAE24B5CF9200ACE8D3 /* Base */ = {isa = PBXFileReference; lastKnownFileType = file.storyboard; name = Base; path = Base.lproj/LaunchScreen.storyboard; sourceTree = "<group>"; };
		C24E1CB024B5CF9200ACE8D3 /* Info.plist */ = {isa = PBXFileReference; lastKnownFileType = text.plist.xml; path = Info.plist; sourceTree = "<group>"; };
		C2958E3C261373FC00898985 /* Reachability.framework */ = {isa = PBXFileReference; explicitFileType = wrapper.framework; path = Reachability.framework; sourceTree = BUILT_PRODUCTS_DIR; };
		C2B86CEF2611C6BB003FE2A7 /* ZAssistKit.framework */ = {isa = PBXFileReference; lastKnownFileType = wrapper.framework; path = ZAssistKit.framework; sourceTree = "<group>"; };
		C2B86CF12611C6BB003FE2A7 /* ZAUtils.framework */ = {isa = PBXFileReference; lastKnownFileType = wrapper.framework; path = ZAUtils.framework; sourceTree = "<group>"; };
		C2B86CF32611C6BB003FE2A7 /* ZohoLensArLibrary.framework */ = {isa = PBXFileReference; lastKnownFileType = wrapper.framework; path = ZohoLensArLibrary.framework; sourceTree = "<group>"; };
		C2B86CF52611C6BB003FE2A7 /* Lens.framework */ = {isa = PBXFileReference; lastKnownFileType = wrapper.framework; path = Lens.framework; sourceTree = "<group>"; };
		C2B86CF72611C6BB003FE2A7 /* Starscream.framework */ = {isa = PBXFileReference; lastKnownFileType = wrapper.framework; path = Starscream.framework; sourceTree = "<group>"; };
		C2E78F15261492C20079831B /* Lens.framework */ = {isa = PBXFileReference; lastKnownFileType = wrapper.framework; name = Lens.framework; path = ../SDK/Lens/Lens.framework; sourceTree = "<group>"; };
		C2E78F19261492D20079831B /* Starscream.framework */ = {isa = PBXFileReference; lastKnownFileType = wrapper.framework; name = Starscream.framework; path = ../SDK/Starscream/Starscream.framework; sourceTree = "<group>"; };
		C2E78F1C261492E30079831B /* ZAssistKit.framework */ = {isa = PBXFileReference; lastKnownFileType = wrapper.framework; name = ZAssistKit.framework; path = ../SDK/ZAssistKit/ZAssistKit.framework; sourceTree = "<group>"; };
		C2E78F1F261492EE0079831B /* ZAUtils.framework */ = {isa = PBXFileReference; lastKnownFileType = wrapper.framework; name = ZAUtils.framework; path = ../SDK/ZAUtils/ZAUtils.framework; sourceTree = "<group>"; };
		C2E78F22261492F70079831B /* ZohoLensArLibrary.framework */ = {isa = PBXFileReference; lastKnownFileType = wrapper.framework; name = ZohoLensArLibrary.framework; path = ../SDK/ZohoLensArLibrary/ZohoLensArLibrary.framework; sourceTree = "<group>"; };
		C2EBF52C24B73E5C00C226B8 /* StreamingViewController.swift */ = {isa = PBXFileReference; lastKnownFileType = sourcecode.swift; path = StreamingViewController.swift; sourceTree = "<group>"; };
		D839B33201F8B2BA44877DFE /* Pods-Sample_SDK.release.xcconfig */ = {isa = PBXFileReference; includeInIndex = 1; lastKnownFileType = text.xcconfig; name = "Pods-Sample_SDK.release.xcconfig"; path = "Target Support Files/Pods-Sample_SDK/Pods-Sample_SDK.release.xcconfig"; sourceTree = "<group>"; };
/* End PBXFileReference section */

/* Begin PBXFrameworksBuildPhase section */
		C24E1C9C24B5CF9100ACE8D3 /* Frameworks */ = {
			isa = PBXFrameworksBuildPhase;
			buildActionMask = 2147483647;
			files = (
				B7615D93CD4DF0D276E8A277 /* Pods_Sample_SDK.framework in Frameworks */,
			);
			runOnlyForDeploymentPostprocessing = 0;
		};
/* End PBXFrameworksBuildPhase section */

/* Begin PBXGroup section */
		1272570C658EBE2C84B937D1 /* Frameworks */ = {
			isa = PBXGroup;
			children = (
				C2E78F22261492F70079831B /* ZohoLensArLibrary.framework */,
				C2E78F1F261492EE0079831B /* ZAUtils.framework */,
				C2E78F1C261492E30079831B /* ZAssistKit.framework */,
				C2E78F19261492D20079831B /* Starscream.framework */,
				C2E78F15261492C20079831B /* Lens.framework */,
				C2958E3C261373FC00898985 /* Reachability.framework */,
				C2B86CED2611C6BB003FE2A7 /* SDK */,
				4C460A8E5A5EEB94AF1C6580 /* Pods_Sample_SDK.framework */,
			);
			name = Frameworks;
			sourceTree = "<group>";
		};
		47EE2D795A743EBAC99865E2 /* Pods */ = {
			isa = PBXGroup;
			children = (
				69A1EB38524F56059AECFBA6 /* Pods-Sample_SDK.debug.xcconfig */,
				D839B33201F8B2BA44877DFE /* Pods-Sample_SDK.release.xcconfig */,
			);
			path = Pods;
			sourceTree = "<group>";
		};
		C24E1C9624B5CF9100ACE8D3 = {
			isa = PBXGroup;
			children = (
				C24E1CA124B5CF9100ACE8D3 /* Sample_SDK */,
				C24E1CA024B5CF9100ACE8D3 /* Products */,
				47EE2D795A743EBAC99865E2 /* Pods */,
				1272570C658EBE2C84B937D1 /* Frameworks */,
			);
			sourceTree = "<group>";
		};
		C24E1CA024B5CF9100ACE8D3 /* Products */ = {
			isa = PBXGroup;
			children = (
				C24E1C9F24B5CF9100ACE8D3 /* Sample_SDK.app */,
			);
			name = Products;
			sourceTree = "<group>";
		};
		C24E1CA124B5CF9100ACE8D3 /* Sample_SDK */ = {
			isa = PBXGroup;
			children = (
				C24E1CA224B5CF9100ACE8D3 /* AppDelegate.swift */,
				C24E1CA424B5CF9100ACE8D3 /* SceneDelegate.swift */,
				C24E1CA624B5CF9100ACE8D3 /* ViewController.swift */,
				C2EBF52C24B73E5C00C226B8 /* StreamingViewController.swift */,
				C24E1CA824B5CF9100ACE8D3 /* Main.storyboard */,
				C24E1CAB24B5CF9200ACE8D3 /* Assets.xcassets */,
				C24E1CAD24B5CF9200ACE8D3 /* LaunchScreen.storyboard */,
				C24E1CB024B5CF9200ACE8D3 /* Info.plist */,
			);
			path = Sample_SDK;
			sourceTree = "<group>";
		};
		C2B86CED2611C6BB003FE2A7 /* SDK */ = {
			isa = PBXGroup;
			children = (
				C2B86CEE2611C6BB003FE2A7 /* ZAssistKit */,
				C2B86CF02611C6BB003FE2A7 /* ZAUtils */,
				C2B86CF22611C6BB003FE2A7 /* ZohoLensArLibrary */,
				C2B86CF42611C6BB003FE2A7 /* Lens */,
				C2B86CF62611C6BB003FE2A7 /* Starscream */,
			);
			name = SDK;
			path = Pods/LensSDK/SDK;
			sourceTree = "<group>";
		};
		C2B86CEE2611C6BB003FE2A7 /* ZAssistKit */ = {
			isa = PBXGroup;
			children = (
				C2B86CEF2611C6BB003FE2A7 /* ZAssistKit.framework */,
			);
			path = ZAssistKit;
			sourceTree = "<group>";
		};
		C2B86CF02611C6BB003FE2A7 /* ZAUtils */ = {
			isa = PBXGroup;
			children = (
				C2B86CF12611C6BB003FE2A7 /* ZAUtils.framework */,
			);
			path = ZAUtils;
			sourceTree = "<group>";
		};
		C2B86CF22611C6BB003FE2A7 /* ZohoLensArLibrary */ = {
			isa = PBXGroup;
			children = (
				C2B86CF32611C6BB003FE2A7 /* ZohoLensArLibrary.framework */,
			);
			path = ZohoLensArLibrary;
			sourceTree = "<group>";
		};
		C2B86CF42611C6BB003FE2A7 /* Lens */ = {
			isa = PBXGroup;
			children = (
				C2B86CF52611C6BB003FE2A7 /* Lens.framework */,
			);
			path = Lens;
			sourceTree = "<group>";
		};
		C2B86CF62611C6BB003FE2A7 /* Starscream */ = {
			isa = PBXGroup;
			children = (
				C2B86CF72611C6BB003FE2A7 /* Starscream.framework */,
			);
			path = Starscream;
			sourceTree = "<group>";
		};
/* End PBXGroup section */

/* Begin PBXNativeTarget section */
		C24E1C9E24B5CF9100ACE8D3 /* Sample_SDK */ = {
			isa = PBXNativeTarget;
			buildConfigurationList = C24E1CB324B5CF9200ACE8D3 /* Build configuration list for PBXNativeTarget "Sample_SDK" */;
			buildPhases = (
				1A598AA9ED1A2BE8C58FDBA6 /* [CP] Check Pods Manifest.lock */,
				C24E1C9B24B5CF9100ACE8D3 /* Sources */,
				C24E1C9C24B5CF9100ACE8D3 /* Frameworks */,
				C24E1C9D24B5CF9100ACE8D3 /* Resources */,
				E09013EC58C765DE72B465B3 /* [CP] Embed Pods Frameworks */,
			);
			buildRules = (
			);
			dependencies = (
			);
			name = Sample_SDK;
			productName = Sample_SDK;
			productReference = C24E1C9F24B5CF9100ACE8D3 /* Sample_SDK.app */;
			productType = "com.apple.product-type.application";
		};
/* End PBXNativeTarget section */

/* Begin PBXProject section */
		C24E1C9724B5CF9100ACE8D3 /* Project object */ = {
			isa = PBXProject;
			attributes = {
				LastSwiftUpdateCheck = 1140;
				LastUpgradeCheck = 1140;
				ORGANIZATIONNAME = "Kishore Kumar";
				TargetAttributes = {
					C24E1C9E24B5CF9100ACE8D3 = {
						CreatedOnToolsVersion = 11.4.1;
					};
				};
			};
			buildConfigurationList = C24E1C9A24B5CF9100ACE8D3 /* Build configuration list for PBXProject "Sample_SDK" */;
			compatibilityVersion = "Xcode 9.3";
			developmentRegion = en;
			hasScannedForEncodings = 0;
			knownRegions = (
				en,
				Base,
			);
			mainGroup = C24E1C9624B5CF9100ACE8D3;
			productRefGroup = C24E1CA024B5CF9100ACE8D3 /* Products */;
			projectDirPath = "";
			projectRoot = "";
			targets = (
				C24E1C9E24B5CF9100ACE8D3 /* Sample_SDK */,
			);
		};
/* End PBXProject section */

/* Begin PBXResourcesBuildPhase section */
		C24E1C9D24B5CF9100ACE8D3 /* Resources */ = {
			isa = PBXResourcesBuildPhase;
			buildActionMask = 2147483647;
			files = (
				C24E1CAF24B5CF9200ACE8D3 /* LaunchScreen.storyboard in Resources */,
				C24E1CAC24B5CF9200ACE8D3 /* Assets.xcassets in Resources */,
				C24E1CAA24B5CF9100ACE8D3 /* Main.storyboard in Resources */,
			);
			runOnlyForDeploymentPostprocessing = 0;
		};
/* End PBXResourcesBuildPhase section */

/* Begin PBXShellScriptBuildPhase section */
		1A598AA9ED1A2BE8C58FDBA6 /* [CP] Check Pods Manifest.lock */ = {
			isa = PBXShellScriptBuildPhase;
			buildActionMask = 2147483647;
			files = (
			);
			inputFileListPaths = (
			);
			inputPaths = (
				"${PODS_PODFILE_DIR_PATH}/Podfile.lock",
				"${PODS_ROOT}/Manifest.lock",
			);
			name = "[CP] Check Pods Manifest.lock";
			outputFileListPaths = (
			);
			outputPaths = (
				"$(DERIVED_FILE_DIR)/Pods-Sample_SDK-checkManifestLockResult.txt",
			);
			runOnlyForDeploymentPostprocessing = 0;
			shellPath = /bin/sh;
			shellScript = "diff \"${PODS_PODFILE_DIR_PATH}/Podfile.lock\" \"${PODS_ROOT}/Manifest.lock\" > /dev/null\nif [ $? != 0 ] ; then\n    # print error to STDERR\n    echo \"error: The sandbox is not in sync with the Podfile.lock. Run 'pod install' or update your CocoaPods installation.\" >&2\n    exit 1\nfi\n# This output is used by Xcode 'outputs' to avoid re-running this script phase.\necho \"SUCCESS\" > \"${SCRIPT_OUTPUT_FILE_0}\"\n";
			showEnvVarsInLog = 0;
		};
		E09013EC58C765DE72B465B3 /* [CP] Embed Pods Frameworks */ = {
			isa = PBXShellScriptBuildPhase;
			buildActionMask = 2147483647;
			files = (
			);
			inputFileListPaths = (
				"${PODS_ROOT}/Target Support Files/Pods-Sample_SDK/Pods-Sample_SDK-frameworks-${CONFIGURATION}-input-files.xcfilelist",
			);
			name = "[CP] Embed Pods Frameworks";
			outputFileListPaths = (
				"${PODS_ROOT}/Target Support Files/Pods-Sample_SDK/Pods-Sample_SDK-frameworks-${CONFIGURATION}-output-files.xcfilelist",
			);
			runOnlyForDeploymentPostprocessing = 0;
			shellPath = /bin/sh;
			shellScript = "\"${PODS_ROOT}/Target Support Files/Pods-Sample_SDK/Pods-Sample_SDK-frameworks.sh\"\n";
			showEnvVarsInLog = 0;
		};
/* End PBXShellScriptBuildPhase section */

/* Begin PBXSourcesBuildPhase section */
		C24E1C9B24B5CF9100ACE8D3 /* Sources */ = {
			isa = PBXSourcesBuildPhase;
			buildActionMask = 2147483647;
			files = (
				C24E1CA724B5CF9100ACE8D3 /* ViewController.swift in Sources */,
				C24E1CA324B5CF9100ACE8D3 /* AppDelegate.swift in Sources */,
				C24E1CA524B5CF9100ACE8D3 /* SceneDelegate.swift in Sources */,
				C2EBF52D24B73E5C00C226B8 /* StreamingViewController.swift in Sources */,
			);
			runOnlyForDeploymentPostprocessing = 0;
		};
/* End PBXSourcesBuildPhase section */

/* Begin PBXVariantGroup section */
		C24E1CA824B5CF9100ACE8D3 /* Main.storyboard */ = {
			isa = PBXVariantGroup;
			children = (
				C24E1CA924B5CF9100ACE8D3 /* Base */,
			);
			name = Main.storyboard;
			sourceTree = "<group>";
		};
		C24E1CAD24B5CF9200ACE8D3 /* LaunchScreen.storyboard */ = {
			isa = PBXVariantGroup;
			children = (
				C24E1CAE24B5CF9200ACE8D3 /* Base */,
			);
			name = LaunchScreen.storyboard;
			sourceTree = "<group>";
		};
/* End PBXVariantGroup section */

/* Begin XCBuildConfiguration section */
		C24E1CB124B5CF9200ACE8D3 /* Debug */ = {
			isa = XCBuildConfiguration;
			buildSettings = {
				ALWAYS_SEARCH_USER_PATHS = NO;
				CLANG_ANALYZER_NONNULL = YES;
				CLANG_ANALYZER_NUMBER_OBJECT_CONVERSION = YES_AGGRESSIVE;
				CLANG_CXX_LANGUAGE_STANDARD = "gnu++14";
				CLANG_CXX_LIBRARY = "libc++";
				CLANG_ENABLE_MODULES = YES;
				CLANG_ENABLE_OBJC_ARC = YES;
				CLANG_ENABLE_OBJC_WEAK = YES;
				CLANG_WARN_BLOCK_CAPTURE_AUTORELEASING = YES;
				CLANG_WARN_BOOL_CONVERSION = YES;
				CLANG_WARN_COMMA = YES;
				CLANG_WARN_CONSTANT_CONVERSION = YES;
				CLANG_WARN_DEPRECATED_OBJC_IMPLEMENTATIONS = YES;
				CLANG_WARN_DIRECT_OBJC_ISA_USAGE = YES_ERROR;
				CLANG_WARN_DOCUMENTATION_COMMENTS = YES;
				CLANG_WARN_EMPTY_BODY = YES;
				CLANG_WARN_ENUM_CONVERSION = YES;
				CLANG_WARN_INFINITE_RECURSION = YES;
				CLANG_WARN_INT_CONVERSION = YES;
				CLANG_WARN_NON_LITERAL_NULL_CONVERSION = YES;
				CLANG_WARN_OBJC_IMPLICIT_RETAIN_SELF = YES;
				CLANG_WARN_OBJC_LITERAL_CONVERSION = YES;
				CLANG_WARN_OBJC_ROOT_CLASS = YES_ERROR;
				CLANG_WARN_RANGE_LOOP_ANALYSIS = YES;
				CLANG_WARN_STRICT_PROTOTYPES = YES;
				CLANG_WARN_SUSPICIOUS_MOVE = YES;
				CLANG_WARN_UNGUARDED_AVAILABILITY = YES_AGGRESSIVE;
				CLANG_WARN_UNREACHABLE_CODE = YES;
				CLANG_WARN__DUPLICATE_METHOD_MATCH = YES;
				COPY_PHASE_STRIP = NO;
				DEBUG_INFORMATION_FORMAT = dwarf;
				ENABLE_BITCODE = NO;
				ENABLE_STRICT_OBJC_MSGSEND = YES;
				ENABLE_TESTABILITY = YES;
				GCC_C_LANGUAGE_STANDARD = gnu11;
				GCC_DYNAMIC_NO_PIC = NO;
				GCC_NO_COMMON_BLOCKS = YES;
				GCC_OPTIMIZATION_LEVEL = 0;
				GCC_PREPROCESSOR_DEFINITIONS = (
					"DEBUG=1",
					"$(inherited)",
				);
				GCC_WARN_64_TO_32_BIT_CONVERSION = YES;
				GCC_WARN_ABOUT_RETURN_TYPE = YES_ERROR;
				GCC_WARN_UNDECLARED_SELECTOR = YES;
				GCC_WARN_UNINITIALIZED_AUTOS = YES_AGGRESSIVE;
				GCC_WARN_UNUSED_FUNCTION = YES;
				GCC_WARN_UNUSED_VARIABLE = YES;
				IPHONEOS_DEPLOYMENT_TARGET = 11.0;
				MTL_ENABLE_DEBUG_INFO = INCLUDE_SOURCE;
				MTL_FAST_MATH = YES;
				ONLY_ACTIVE_ARCH = YES;
				SDKROOT = iphoneos;
				SWIFT_ACTIVE_COMPILATION_CONDITIONS = DEBUG;
				SWIFT_OPTIMIZATION_LEVEL = "-Onone";
			};
			name = Debug;
		};
		C24E1CB224B5CF9200ACE8D3 /* Release */ = {
			isa = XCBuildConfiguration;
			buildSettings = {
				ALWAYS_SEARCH_USER_PATHS = NO;
				CLANG_ANALYZER_NONNULL = YES;
				CLANG_ANALYZER_NUMBER_OBJECT_CONVERSION = YES_AGGRESSIVE;
				CLANG_CXX_LANGUAGE_STANDARD = "gnu++14";
				CLANG_CXX_LIBRARY = "libc++";
				CLANG_ENABLE_MODULES = YES;
				CLANG_ENABLE_OBJC_ARC = YES;
				CLANG_ENABLE_OBJC_WEAK = YES;
				CLANG_WARN_BLOCK_CAPTURE_AUTORELEASING = YES;
				CLANG_WARN_BOOL_CONVERSION = YES;
				CLANG_WARN_COMMA = YES;
				CLANG_WARN_CONSTANT_CONVERSION = YES;
				CLANG_WARN_DEPRECATED_OBJC_IMPLEMENTATIONS = YES;
				CLANG_WARN_DIRECT_OBJC_ISA_USAGE = YES_ERROR;
				CLANG_WARN_DOCUMENTATION_COMMENTS = YES;
				CLANG_WARN_EMPTY_BODY = YES;
				CLANG_WARN_ENUM_CONVERSION = YES;
				CLANG_WARN_INFINITE_RECURSION = YES;
				CLANG_WARN_INT_CONVERSION = YES;
				CLANG_WARN_NON_LITERAL_NULL_CONVERSION = YES;
				CLANG_WARN_OBJC_IMPLICIT_RETAIN_SELF = YES;
				CLANG_WARN_OBJC_LITERAL_CONVERSION = YES;
				CLANG_WARN_OBJC_ROOT_CLASS = YES_ERROR;
				CLANG_WARN_RANGE_LOOP_ANALYSIS = YES;
				CLANG_WARN_STRICT_PROTOTYPES = YES;
				CLANG_WARN_SUSPICIOUS_MOVE = YES;
				CLANG_WARN_UNGUARDED_AVAILABILITY = YES_AGGRESSIVE;
				CLANG_WARN_UNREACHABLE_CODE = YES;
				CLANG_WARN__DUPLICATE_METHOD_MATCH = YES;
				COPY_PHASE_STRIP = NO;
				DEBUG_INFORMATION_FORMAT = "dwarf-with-dsym";
				ENABLE_BITCODE = NO;
				ENABLE_NS_ASSERTIONS = NO;
				ENABLE_STRICT_OBJC_MSGSEND = YES;
				GCC_C_LANGUAGE_STANDARD = gnu11;
				GCC_NO_COMMON_BLOCKS = YES;
				GCC_WARN_64_TO_32_BIT_CONVERSION = YES;
				GCC_WARN_ABOUT_RETURN_TYPE = YES_ERROR;
				GCC_WARN_UNDECLARED_SELECTOR = YES;
				GCC_WARN_UNINITIALIZED_AUTOS = YES_AGGRESSIVE;
				GCC_WARN_UNUSED_FUNCTION = YES;
				GCC_WARN_UNUSED_VARIABLE = YES;
				IPHONEOS_DEPLOYMENT_TARGET = 11.0;
				MTL_ENABLE_DEBUG_INFO = NO;
				MTL_FAST_MATH = YES;
				SDKROOT = iphoneos;
				SWIFT_COMPILATION_MODE = wholemodule;
				SWIFT_OPTIMIZATION_LEVEL = "-O";
				VALIDATE_PRODUCT = YES;
			};
			name = Release;
		};
		C24E1CB424B5CF9200ACE8D3 /* Debug */ = {
			isa = XCBuildConfiguration;
			baseConfigurationReference = 69A1EB38524F56059AECFBA6 /* Pods-Sample_SDK.debug.xcconfig */;
			buildSettings = {
				ASSETCATALOG_COMPILER_APPICON_NAME = AppIcon;
				CODE_SIGN_IDENTITY = "Apple Development";
				CODE_SIGN_STYLE = Automatic;
				DEVELOPMENT_TEAM = 57R8XV4SCG;
				ENABLE_BITCODE = NO;
				FRAMEWORK_SEARCH_PATHS = "$(inherited)";
				HEADER_SEARCH_PATHS = (
					"$(inherited)",
					"\"${PODS_CONFIGURATION_BUILD_DIR}/ReachabilitySwift/Reachability.framework/Headers\"",
					"\"${PODS_CONFIGURATION_BUILD_DIR}/SnapKit/SnapKit.framework/Headers\"",
				);
				INFOPLIST_FILE = Sample_SDK/Info.plist;
				IPHONEOS_DEPLOYMENT_TARGET = 11.0;
				LD_RUNPATH_SEARCH_PATHS = (
					"$(inherited)",
					"@executable_path/Frameworks",
				);
				PRODUCT_BUNDLE_IDENTIFIER = "com.jambav.lenstest.Sample-SDK1";
				PRODUCT_NAME = "$(TARGET_NAME)";
				PROVISIONING_PROFILE_SPECIFIER = "";
				SWIFT_VERSION = 5.0;
				TARGETED_DEVICE_FAMILY = "1,2";
			};
			name = Debug;
		};
		C24E1CB524B5CF9200ACE8D3 /* Release */ = {
			isa = XCBuildConfiguration;
			baseConfigurationReference = D839B33201F8B2BA44877DFE /* Pods-Sample_SDK.release.xcconfig */;
			buildSettings = {
				ASSETCATALOG_COMPILER_APPICON_NAME = AppIcon;
				CODE_SIGN_IDENTITY = "Apple Development";
				CODE_SIGN_STYLE = Automatic;
				DEVELOPMENT_TEAM = 57R8XV4SCG;
				ENABLE_BITCODE = NO;
				FRAMEWORK_SEARCH_PATHS = "$(inherited)";
				HEADER_SEARCH_PATHS = (
					"$(inherited)",
					"\"${PODS_CONFIGURATION_BUILD_DIR}/ReachabilitySwift/Reachability.framework/Headers\"",
					"\"${PODS_CONFIGURATION_BUILD_DIR}/SnapKit/SnapKit.framework/Headers\"",
				);
				INFOPLIST_FILE = Sample_SDK/Info.plist;
				IPHONEOS_DEPLOYMENT_TARGET = 11.0;
				LD_RUNPATH_SEARCH_PATHS = (
					"$(inherited)",
					"@executable_path/Frameworks",
				);
				PRODUCT_BUNDLE_IDENTIFIER = "com.jambav.lenstest.Sample-SDK1";
				PRODUCT_NAME = "$(TARGET_NAME)";
				PROVISIONING_PROFILE_SPECIFIER = "";
				SWIFT_VERSION = 5.0;
				TARGETED_DEVICE_FAMILY = "1,2";
			};
			name = Release;
		};
/* End XCBuildConfiguration section */

/* Begin XCConfigurationList section */
		C24E1C9A24B5CF9100ACE8D3 /* Build configuration list for PBXProject "Sample_SDK" */ = {
			isa = XCConfigurationList;
			buildConfigurations = (
				C24E1CB124B5CF9200ACE8D3 /* Debug */,
				C24E1CB224B5CF9200ACE8D3 /* Release */,
			);
			defaultConfigurationIsVisible = 0;
			defaultConfigurationName = Release;
		};
		C24E1CB324B5CF9200ACE8D3 /* Build configuration list for PBXNativeTarget "Sample_SDK" */ = {
			isa = XCConfigurationList;
			buildConfigurations = (
				C24E1CB424B5CF9200ACE8D3 /* Debug */,
				C24E1CB524B5CF9200ACE8D3 /* Release */,
			);
			defaultConfigurationIsVisible = 0;
			defaultConfigurationName = Release;
		};
/* End XCConfigurationList section */
	};
	rootObject = C24E1C9724B5CF9100ACE8D3 /* Project object */;
}
